
Microsoft Visual Studio Solution File, Format Version 12.00
# Visual Studio Version 16
VisualStudioVersion = 16.0.31424.327
MinimumVisualStudioVersion = 10.0.40219.1
Project("{FAE04EC0-301F-11D3-BF4B-00C04F79EFBC}") = "SistemaAsistencias", "SistemaAsistencias\SistemaAsistencias.csproj", "{CFF63F56-2785-41E0-988E-59FF505496B6}"
EndProject
Global
	GlobalSection(SolutionConfigurationPlatforms) = preSolution
		Debug|Any CPU = Debug|Any CPU
		Release|Any CPU = Release|Any CPU
	EndGlobalSection
	GlobalSection(ProjectConfigurationPlatforms) = postSolution
		{CFF63F56-2785-41E0-988E-59FF505496B6}.Debug|Any CPU.ActiveCfg = Debug|Any CPU
		{CFF63F56-2785-41E0-988E-59FF505496B6}.Debug|Any CPU.Build.0 = Debug|Any CPU
		{CFF63F56-2785-41E0-988E-59FF505496B6}.Release|Any CPU.ActiveCfg = Release|Any CPU
		{CFF63F56-2785-41E0-988E-59FF505496B6}.Release|Any CPU.Build.0 = Release|Any CPU
	EndGlobalSection
	GlobalSection(SolutionProperties) = preSolution
		HideSolutionNode = FALSE
	EndGlobalSection
	GlobalSection(ExtensibilityGlobals) = postSolution
		SolutionGuid = {73291729-3193-45A4-AD79-4242CD9A387B}
	EndGlobalSection
EndGlobal
